
Microsoft Visual Studio Solution File, Format Version 12.00
# Visual Studio Version 17
VisualStudioVersion = 17.11.35312.102
MinimumVisualStudioVersion = 10.0.40219.1
Project("{9A19103F-16F7-4668-BE54-9A1E7A4F7556}") = "Aspiron.MVC", "Aspiron.MVC\Aspiron.MVC.csproj", "{890CD12A-ED19-487D-9211-03203887BD56}"
EndProject
Project("{FAE04EC0-301F-11D3-BF4B-00C04F79EFBC}") = "ConfigUI", "ConfigUI\ConfigUI.csproj", "{2A95A84F-335E-425B-9878-ECBFFC6518A3}"
EndProject
Global
	GlobalSection(SolutionConfigurationPlatforms) = preSolution
		Debug|Any CPU = Debug|Any CPU
		Release|Any CPU = Release|Any CPU
	EndGlobalSection
	GlobalSection(ProjectConfigurationPlatforms) = postSolution
		{890CD12A-ED19-487D-9211-03203887BD56}.Debug|Any CPU.ActiveCfg = Debug|Any CPU
		{890CD12A-ED19-487D-9211-03203887BD56}.Debug|Any CPU.Build.0 = Debug|Any CPU
		{890CD12A-ED19-487D-9211-03203887BD56}.Release|Any CPU.ActiveCfg = Release|Any CPU
		{890CD12A-ED19-487D-9211-03203887BD56}.Release|Any CPU.Build.0 = Release|Any CPU
		{2A95A84F-335E-425B-9878-ECBFFC6518A3}.Debug|Any CPU.ActiveCfg = Debug|Any CPU
		{2A95A84F-335E-425B-9878-ECBFFC6518A3}.Debug|Any CPU.Build.0 = Debug|Any CPU
		{2A95A84F-335E-425B-9878-ECBFFC6518A3}.Release|Any CPU.ActiveCfg = Release|Any CPU
		{2A95A84F-335E-425B-9878-ECBFFC6518A3}.Release|Any CPU.Build.0 = Release|Any CPU
	EndGlobalSection
	GlobalSection(SolutionProperties) = preSolution
		HideSolutionNode = FALSE
	EndGlobalSection
	GlobalSection(ExtensibilityGlobals) = postSolution
		SolutionGuid = {4B47F489-0867-4E43-9940-F74F918871B7}
	EndGlobalSection
EndGlobal
